dependencies:
- name: elasticsearch
  repository: http://helm.elastic.co
  version: 7.5.1
- name: kibana
  repository: http://helm.elastic.co
  version: 7.5.1
- name: mysql
  repository: https://kubernetes-charts.storage.googleapis.com
  version: 1.6.2
digest: sha256:3d84381010ba20a722bdad515c0da2e126ec1ad1be9faab27202b902e53c3e48
generated: "2020-04-06T15:38:09.361596734+02:00"
