dependencies:
- name: ph-ee-engine
  repository: http://jenkins.mifos.io:8082/
  version: 1.0.0-SNAPSHOT
- name: elasticsearch
  repository: http://helm.elastic.co
  version: 7.5.1
- name: kibana
  repository: http://helm.elastic.co
  version: 7.5.1
- name: mysql
  repository: https://kubernetes-charts.storage.googleapis.com
  version: 1.6.2
digest: sha256:e4973526c4ec189902c024c3287f5ea5f1f88dde355db7d860eba5a7189fd67e
generated: "2020-04-07T19:11:09.990209073+02:00"
